{
  "name": "review-dependencies",
  "requires": true,
  "lockfileVersion": 1,
  "dependencies": {
    "liquidjs": {
      "version": "9.5.0",
      "resolved": "https://registry.npmjs.org/liquidjs/-/liquidjs-9.5.0.tgz",
      "integrity": "sha512-fu+Pxcv+y3iMZ0k6b0kCQnwSVOfjrazF3vZsP5OX1dZ9KG/F/zWfEuzizWyIP2VdINSLTnx6R9e+EP1M+yUJIA=="
    }
  }
}
